
Microsoft Visual Studio Solution File, Format Version 12.00
# Visual Studio Version 17
VisualStudioVersion = 17.2.32526.322
MinimumVisualStudioVersion = 10.0.40219.1
Project("{FAE04EC0-301F-11D3-BF4B-00C04F79EFBC}") = "Fight For Gondor", "Fight For Gondor\Fight For Gondor.csproj", "{CD1B7138-7481-46DE-8CAA-04BCD1E99CFC}"
EndProject
Global
	GlobalSection(SolutionConfigurationPlatforms) = preSolution
		Debug|Any CPU = Debug|Any CPU
		Release|Any CPU = Release|Any CPU
	EndGlobalSection
	GlobalSection(ProjectConfigurationPlatforms) = postSolution
		{CD1B7138-7481-46DE-8CAA-04BCD1E99CFC}.Debug|Any CPU.ActiveCfg = Debug|Any CPU
		{CD1B7138-7481-46DE-8CAA-04BCD1E99CFC}.Debug|Any CPU.Build.0 = Debug|Any CPU
		{CD1B7138-7481-46DE-8CAA-04BCD1E99CFC}.Release|Any CPU.ActiveCfg = Release|Any CPU
		{CD1B7138-7481-46DE-8CAA-04BCD1E99CFC}.Release|Any CPU.Build.0 = Release|Any CPU
	EndGlobalSection
	GlobalSection(SolutionProperties) = preSolution
		HideSolutionNode = FALSE
	EndGlobalSection
	GlobalSection(ExtensibilityGlobals) = postSolution
		SolutionGuid = {9BD7B8BA-E661-482F-844B-DBCF6311B997}
	EndGlobalSection
EndGlobal
